PODS:
  - Alamofire (5.1.0)
  - AlamofireImage (4.1.0):
    - Alamofire (~> 5.1)
  - lottie-ios (3.1.8)
  - Realm (5.0.0):
    - Realm/Headers (= 5.0.0)
  - Realm/Headers (5.0.0)
  - RealmSwift (5.0.0):
    - Realm (= 5.0.0)

DEPENDENCIES:
  - Alamofire (~> 5.1)
  - AlamofireImage (~> 4.1)
  - lottie-ios
  - RealmSwift

SPEC REPOS:
  trunk:
    - Alamofire
    - AlamofireImage
    - lottie-ios
    - Realm
    - RealmSwift

SPEC CHECKSUMS:
  Alamofire: 9d5c5f602928e512395b30950c5984eca840093c
  AlamofireImage: c4a2ba349885fb3064feb74d2e547bd42ce9be10
  lottie-ios: 48fac6be217c76937e36e340e2d09cf7b10b7f5f
  Realm: 76066d333de26f97e9caedaa85ee3ff4a62ca265
  RealmSwift: c1bdff09b422569dc6881410d9ccf712bcdb79b0

PODFILE CHECKSUM: df3de7b468645be7f7ebe1e4d353a16ddb501f5d

COCOAPODS: 1.9.1
